
Microsoft Visual Studio Solution File, Format Version 12.00
# Visual Studio Version 16
VisualStudioVersion = 16.0.31911.196
MinimumVisualStudioVersion = 10.0.40219.1
Project("{FAE04EC0-301F-11D3-BF4B-00C04F79EFBC}") = "SignalRSingleTable", "SignalRSingleTable\SignalRSingleTable.csproj", "{706DFB38-D46F-4F7A-8F58-EE685C6BC786}"
EndProject
Global
	GlobalSection(SolutionConfigurationPlatforms) = preSolution
		Debug|Any CPU = Debug|Any CPU
		Release|Any CPU = Release|Any CPU
	EndGlobalSection
	GlobalSection(ProjectConfigurationPlatforms) = postSolution
		{706DFB38-D46F-4F7A-8F58-EE685C6BC786}.Debug|Any CPU.ActiveCfg = Debug|Any CPU
		{706DFB38-D46F-4F7A-8F58-EE685C6BC786}.Debug|Any CPU.Build.0 = Debug|Any CPU
		{706DFB38-D46F-4F7A-8F58-EE685C6BC786}.Release|Any CPU.ActiveCfg = Release|Any CPU
		{706DFB38-D46F-4F7A-8F58-EE685C6BC786}.Release|Any CPU.Build.0 = Release|Any CPU
	EndGlobalSection
	GlobalSection(SolutionProperties) = preSolution
		HideSolutionNode = FALSE
	EndGlobalSection
	GlobalSection(ExtensibilityGlobals) = postSolution
		SolutionGuid = {7D885C23-5643-47CF-8718-324CBE3BFD4C}
	EndGlobalSection
EndGlobal
